# This file is automatically @generated by Cargo.
# It is not intended for manual editing.
version = 4

[[package]]
name = "bzip2"
version = "0.4.4"
source = "registry+https://github.com/rust-lang/crates.io-index"
checksum = "bdb116a6ef3f6c3698828873ad02c3014b3c85cadb88496095628e3ef1e347f8"
dependencies = [
 "bzip2-sys",
 "libc",
]

[[package]]
name = "bzip2-sys"
version = "0.1.11+1.0.8"
source = "registry+https://github.com/rust-lang/crates.io-index"
checksum = "736a955f3fa7875102d57c82b8cac37ec45224a07fd32d58f9f7a186b6cd4cdc"
dependencies = [
 "cc",
 "libc",
 "pkg-config",
]

[[package]]
name = "cc"
version = "1.2.6"
source = "registry+https://github.com/rust-lang/crates.io-index"
checksum = "8d6dbb628b8f8555f86d0323c2eb39e3ec81901f4b83e091db8a6a76d316a333"
dependencies = [
 "shlex",
]

[[package]]
name = "libc"
version = "0.2.169"
source = "registry+https://github.com/rust-lang/crates.io-index"
checksum = "b5aba8db14291edd000dfcc4d620c7ebfb122c613afb886ca8803fa4e128a20a"

[[package]]
name = "memchr"
version = "2.7.4"
source = "registry+https://github.com/rust-lang/crates.io-index"
checksum = "78ca9ab1a0babb1e7d5695e3530886289c18cf2f87ec19a575a0abdce112e3a3"

[[package]]
name = "parse_wiki_text"
version = "0.1.5"
source = "registry+https://github.com/rust-lang/crates.io-index"
checksum = "dd59a245c58efa02bd73c9462fd9d4c28952d650092c6bcba43b60b4707171dd"

[[package]]
name = "parser_test"
version = "0.1.0"
dependencies = [
 "bzip2",
 "parse_wiki_text",
 "quick-xml",
]

[[package]]
name = "pkg-config"
version = "0.3.31"
source = "registry+https://github.com/rust-lang/crates.io-index"
checksum = "953ec861398dccce10c670dfeaf3ec4911ca479e9c02154b3a215178c5f566f2"

[[package]]
name = "quick-xml"
version = "0.27.1"
source = "registry+https://github.com/rust-lang/crates.io-index"
checksum = "ffc053f057dd768a56f62cd7e434c42c831d296968997e9ac1f76ea7c2d14c41"
dependencies = [
 "memchr",
]

[[package]]
name = "shlex"
version = "1.3.0"
source = "registry+https://github.com/rust-lang/crates.io-index"
checksum = "0fda2ff0d084019ba4d7c6f371c95d8fd75ce3524c3cb8fb653a3023f6323e64"
